
Microsoft Visual Studio Solution File, Format Version 12.00
# Visual Studio Version 17
VisualStudioVersion = 17.5.33516.290
MinimumVisualStudioVersion = 10.0.40219.1
Project("{F2A71F9B-5D33-465A-A702-920D77279786}") = "Usuns", "Usuns\Usuns.fsproj", "{CCD425E5-7CE1-4F3A-953C-9B5282458BD2}"
EndProject
Global
	GlobalSection(SolutionConfigurationPlatforms) = preSolution
		Debug|Any CPU = Debug|Any CPU
		Release|Any CPU = Release|Any CPU
	EndGlobalSection
	GlobalSection(ProjectConfigurationPlatforms) = postSolution
		{CCD425E5-7CE1-4F3A-953C-9B5282458BD2}.Debug|Any CPU.ActiveCfg = Debug|Any CPU
		{CCD425E5-7CE1-4F3A-953C-9B5282458BD2}.Debug|Any CPU.Build.0 = Debug|Any CPU
		{CCD425E5-7CE1-4F3A-953C-9B5282458BD2}.Release|Any CPU.ActiveCfg = Release|Any CPU
		{CCD425E5-7CE1-4F3A-953C-9B5282458BD2}.Release|Any CPU.Build.0 = Release|Any CPU
	EndGlobalSection
	GlobalSection(SolutionProperties) = preSolution
		HideSolutionNode = FALSE
	EndGlobalSection
	GlobalSection(ExtensibilityGlobals) = postSolution
		SolutionGuid = {C444B325-5D7E-4EB7-98EA-9266301782A8}
	EndGlobalSection
EndGlobal
